// !$*UTF8*$!
{
	archiveVersion = 1;
	classes = {
	};
	objectVersion = 50;
	objects = {

/* Begin PBXBuildFile section */
		B70C0FC7260E3646009C5B0A /* AppDelegate.swift in Sources */ = {isa = PBXBuildFile; fileRef = B70C0FC6260E3646009C5B0A /* AppDelegate.swift */; };
		B70C0FC9260E3646009C5B0A /* SceneDelegate.swift in Sources */ = {isa = PBXBuildFile; fileRef = B70C0FC8260E3646009C5B0A /* SceneDelegate.swift */; };
		B70C0FCB260E3646009C5B0A /* ContentView.swift in Sources */ = {isa = PBXBuildFile; fileRef = B70C0FCA260E3646009C5B0A /* ContentView.swift */; };
		B70C0FCD260E3648009C5B0A /* Assets.xcassets in Resources */ = {isa = PBXBuildFile; fileRef = B70C0FCC260E3648009C5B0A /* Assets.xcassets */; };
		B70C0FD0260E3648009C5B0A /* Preview Assets.xcassets in Resources */ = {isa = PBXBuildFile; fileRef = B70C0FCF260E3648009C5B0A /* Preview Assets.xcassets */; };
		B70C0FD3260E3648009C5B0A /* LaunchScreen.storyboard in Resources */ = {isa = PBXBuildFile; fileRef = B70C0FD1260E3648009C5B0A /* LaunchScreen.storyboard */; };
		B722721F2628B77300C9A549 /* Deleting items using onDelete().swift in Sources */ = {isa = PBXBuildFile; fileRef = B722721E2628B77300C9A549 /* Deleting items using onDelete().swift */; };
		B72272452628C17000C9A549 /* Storing user settings with UserDefaults.swift in Sources */ = {isa = PBXBuildFile; fileRef = B72272442628C17000C9A549 /* Storing user settings with UserDefaults.swift */; };
		B72272482628D26A00C9A549 /* Archiving Swift objects with Codable.swift in Sources */ = {isa = PBXBuildFile; fileRef = B72272472628D26A00C9A549 /* Archiving Swift objects with Codable.swift */; };
		B78CEC2426137F6D0002C678 /* AddView.swift in Sources */ = {isa = PBXBuildFile; fileRef = B78CEC2326137F6D0002C678 /* AddView.swift */; };
/* End PBXBuildFile section */

/* Begin PBXFileReference section */
		B70C0FC3260E3646009C5B0A /* iExpense.app */ = {isa = PBXFileReference; explicitFileType = wrapper.application; includeInIndex = 0; path = iExpense.app; sourceTree = BUILT_PRODUCTS_DIR; };
		B70C0FC6260E3646009C5B0A /* AppDelegate.swift */ = {isa = PBXFileReference; lastKnownFileType = sourcecode.swift; path = AppDelegate.swift; sourceTree = "<group>"; };
		B70C0FC8260E3646009C5B0A /* SceneDelegate.swift */ = {isa = PBXFileReference; lastKnownFileType = sourcecode.swift; path = SceneDelegate.swift; sourceTree = "<group>"; };
		B70C0FCA260E3646009C5B0A /* ContentView.swift */ = {isa = PBXFileReference; lastKnownFileType = sourcecode.swift; path = ContentView.swift; sourceTree = "<group>"; };
		B70C0FCC260E3648009C5B0A /* Assets.xcassets */ = {isa = PBXFileReference; lastKnownFileType = folder.assetcatalog; path = Assets.xcassets; sourceTree = "<group>"; };
		B70C0FCF260E3648009C5B0A /* Preview Assets.xcassets */ = {isa = PBXFileReference; lastKnownFileType = folder.assetcatalog; path = "Preview Assets.xcassets"; sourceTree = "<group>"; };
		B70C0FD2260E3648009C5B0A /* Base */ = {isa = PBXFileReference; lastKnownFileType = file.storyboard; name = Base; path = Base.lproj/LaunchScreen.storyboard; sourceTree = "<group>"; };
		B70C0FD4260E3648009C5B0A /* Info.plist */ = {isa = PBXFileReference; lastKnownFileType = text.plist.xml; path = Info.plist; sourceTree = "<group>"; };
		B722721E2628B77300C9A549 /* Deleting items using onDelete().swift */ = {isa = PBXFileReference; lastKnownFileType = sourcecode.swift; path = "Deleting items using onDelete().swift"; sourceTree = "<group>"; };
		B72272442628C17000C9A549 /* Storing user settings with UserDefaults.swift */ = {isa = PBXFileReference; lastKnownFileType = sourcecode.swift; path = "Storing user settings with UserDefaults.swift"; sourceTree = "<group>"; };
		B72272472628D26A00C9A549 /* Archiving Swift objects with Codable.swift */ = {isa = PBXFileReference; lastKnownFileType = sourcecode.swift; path = "Archiving Swift objects with Codable.swift"; sourceTree = "<group>"; };
		B78CEC2326137F6D0002C678 /* AddView.swift */ = {isa = PBXFileReference; lastKnownFileType = sourcecode.swift; path = AddView.swift; sourceTree = "<group>"; };
/* End PBXFileReference section */

/* Begin PBXFrameworksBuildPhase section */
		B70C0FC0260E3646009C5B0A /* Frameworks */ = {
			isa = PBXFrameworksBuildPhase;
			buildActionMask = 2147483647;
			files = (
			);
			runOnlyForDeploymentPostprocessing = 0;
		};
/* End PBXFrameworksBuildPhase section */

/* Begin PBXGroup section */
		B70C0FBA260E3646009C5B0A = {
			isa = PBXGroup;
			children = (
				B70C0FC5260E3646009C5B0A /* iExpense */,
				B70C0FC4260E3646009C5B0A /* Products */,
			);
			sourceTree = "<group>";
		};
		B70C0FC4260E3646009C5B0A /* Products */ = {
			isa = PBXGroup;
			children = (
				B70C0FC3260E3646009C5B0A /* iExpense.app */,
			);
			name = Products;
			sourceTree = "<group>";
		};
		B70C0FC5260E3646009C5B0A /* iExpense */ = {
			isa = PBXGroup;
			children = (
				B70C0FC6260E3646009C5B0A /* AppDelegate.swift */,
				B70C0FC8260E3646009C5B0A /* SceneDelegate.swift */,
				B70C0FCA260E3646009C5B0A /* ContentView.swift */,
				B78CEC2326137F6D0002C678 /* AddView.swift */,
				B722721E2628B77300C9A549 /* Deleting items using onDelete().swift */,
				B72272442628C17000C9A549 /* Storing user settings with UserDefaults.swift */,
				B72272472628D26A00C9A549 /* Archiving Swift objects with Codable.swift */,
				B70C0FCC260E3648009C5B0A /* Assets.xcassets */,
				B70C0FD1260E3648009C5B0A /* LaunchScreen.storyboard */,
				B70C0FD4260E3648009C5B0A /* Info.plist */,
				B70C0FCE260E3648009C5B0A /* Preview Content */,
			);
			path = iExpense;
			sourceTree = "<group>";
		};
		B70C0FCE260E3648009C5B0A /* Preview Content */ = {
			isa = PBXGroup;
			children = (
				B70C0FCF260E3648009C5B0A /* Preview Assets.xcassets */,
			);
			path = "Preview Content";
			sourceTree = "<group>";
		};
/* End PBXGroup section */

/* Begin PBXNativeTarget section */
		B70C0FC2260E3646009C5B0A /* iExpense */ = {
			isa = PBXNativeTarget;
			buildConfigurationList = B70C0FD7260E3648009C5B0A /* Build configuration list for PBXNativeTarget "iExpense" */;
			buildPhases = (
				B70C0FBF260E3646009C5B0A /* Sources */,
				B70C0FC0260E3646009C5B0A /* Frameworks */,
				B70C0FC1260E3646009C5B0A /* Resources */,
			);
			buildRules = (
			);
			dependencies = (
			);
			name = iExpense;
			productName = iExpense;
			productReference = B70C0FC3260E3646009C5B0A /* iExpense.app */;
			productType = "com.apple.product-type.application";
		};
/* End PBXNativeTarget section */

/* Begin PBXProject section */
		B70C0FBB260E3646009C5B0A /* Project object */ = {
			isa = PBXProject;
			attributes = {
				LastSwiftUpdateCheck = 1240;
				LastUpgradeCheck = 1240;
				TargetAttributes = {
					B70C0FC2260E3646009C5B0A = {
						CreatedOnToolsVersion = 12.4;
					};
				};
			};
			buildConfigurationList = B70C0FBE260E3646009C5B0A /* Build configuration list for PBXProject "iExpense" */;
			compatibilityVersion = "Xcode 9.3";
			developmentRegion = en;
			hasScannedForEncodings = 0;
			knownRegions = (
				en,
				Base,
			);
			mainGroup = B70C0FBA260E3646009C5B0A;
			productRefGroup = B70C0FC4260E3646009C5B0A /* Products */;
			projectDirPath = "";
			projectRoot = "";
			targets = (
				B70C0FC2260E3646009C5B0A /* iExpense */,
			);
		};
/* End PBXProject section */

/* Begin PBXResourcesBuildPhase section */
		B70C0FC1260E3646009C5B0A /* Resources */ = {
			isa = PBXResourcesBuildPhase;
			buildActionMask = 2147483647;
			files = (
				B70C0FD3260E3648009C5B0A /* LaunchScreen.storyboard in Resources */,
				B70C0FD0260E3648009C5B0A /* Preview Assets.xcassets in Resources */,
				B70C0FCD260E3648009C5B0A /* Assets.xcassets in Resources */,
			);
			runOnlyForDeploymentPostprocessing = 0;
		};
/* End PBXResourcesBuildPhase section */

/* Begin PBXSourcesBuildPhase section */
		B70C0FBF260E3646009C5B0A /* Sources */ = {
			isa = PBXSourcesBuildPhase;
			buildActionMask = 2147483647;
			files = (
				B722721F2628B77300C9A549 /* Deleting items using onDelete().swift in Sources */,
				B78CEC2426137F6D0002C678 /* AddView.swift in Sources */,
				B70C0FC7260E3646009C5B0A /* AppDelegate.swift in Sources */,
				B72272452628C17000C9A549 /* Storing user settings with UserDefaults.swift in Sources */,
				B70C0FC9260E3646009C5B0A /* SceneDelegate.swift in Sources */,
				B70C0FCB260E3646009C5B0A /* ContentView.swift in Sources */,
				B72272482628D26A00C9A549 /* Archiving Swift objects with Codable.swift in Sources */,
			);
			runOnlyForDeploymentPostprocessing = 0;
		};
/* End PBXSourcesBuildPhase section */

/* Begin PBXVariantGroup section */
		B70C0FD1260E3648009C5B0A /* LaunchScreen.storyboard */ = {
			isa = PBXVariantGroup;
			children = (
				B70C0FD2260E3648009C5B0A /* Base */,
			);
			name = LaunchScreen.storyboard;
			sourceTree = "<group>";
		};
/* End PBXVariantGroup section */

/* Begin XCBuildConfiguration section */
		B70C0FD5260E3648009C5B0A /* Debug */ = {
			isa = XCBuildConfiguration;
			buildSettings = {
				ALWAYS_SEARCH_USER_PATHS = NO;
				CLANG_ANALYZER_NONNULL = YES;
				CLANG_ANALYZER_NUMBER_OBJECT_CONVERSION = YES_AGGRESSIVE;
				CLANG_CXX_LANGUAGE_STANDARD = "gnu++14";
				CLANG_CXX_LIBRARY = "libc++";
				CLANG_ENABLE_MODULES = YES;
				CLANG_ENABLE_OBJC_ARC = YES;
				CLANG_ENABLE_OBJC_WEAK = YES;
				CLANG_WARN_BLOCK_CAPTURE_AUTORELEASING = YES;
				CLANG_WARN_BOOL_CONVERSION = YES;
				CLANG_WARN_COMMA = YES;
				CLANG_WARN_CONSTANT_CONVERSION = YES;
				CLANG_WARN_DEPRECATED_OBJC_IMPLEMENTATIONS = YES;
				CLANG_WARN_DIRECT_OBJC_ISA_USAGE = YES_ERROR;
				CLANG_WARN_DOCUMENTATION_COMMENTS = YES;
				CLANG_WARN_EMPTY_BODY = YES;
				CLANG_WARN_ENUM_CONVERSION = YES;
				CLANG_WARN_INFINITE_RECURSION = YES;
				CLANG_WARN_INT_CONVERSION = YES;
				CLANG_WARN_NON_LITERAL_NULL_CONVERSION = YES;
				CLANG_WARN_OBJC_IMPLICIT_RETAIN_SELF = YES;
				CLANG_WARN_OBJC_LITERAL_CONVERSION = YES;
				CLANG_WARN_OBJC_ROOT_CLASS = YES_ERROR;
				CLANG_WARN_QUOTED_INCLUDE_IN_FRAMEWORK_HEADER = YES;
				CLANG_WARN_RANGE_LOOP_ANALYSIS = YES;
				CLANG_WARN_STRICT_PROTOTYPES = YES;
				CLANG_WARN_SUSPICIOUS_MOVE = YES;
				CLANG_WARN_UNGUARDED_AVAILABILITY = YES_AGGRESSIVE;
				CLANG_WARN_UNREACHABLE_CODE = YES;
				CLANG_WARN__DUPLICATE_METHOD_MATCH = YES;
				COPY_PHASE_STRIP = NO;
				DEBUG_INFORMATION_FORMAT = dwarf;
				ENABLE_STRICT_OBJC_MSGSEND = YES;
				ENABLE_TESTABILITY = YES;
				GCC_C_LANGUAGE_STANDARD = gnu11;
				GCC_DYNAMIC_NO_PIC = NO;
				GCC_NO_COMMON_BLOCKS = YES;
				GCC_OPTIMIZATION_LEVEL = 0;
				GCC_PREPROCESSOR_DEFINITIONS = (
					"DEBUG=1",
					"$(inherited)",
				);
				GCC_WARN_64_TO_32_BIT_CONVERSION = YES;
				GCC_WARN_ABOUT_RETURN_TYPE = YES_ERROR;
				GCC_WARN_UNDECLARED_SELECTOR = YES;
				GCC_WARN_UNINITIALIZED_AUTOS = YES_AGGRESSIVE;
				GCC_WARN_UNUSED_FUNCTION = YES;
				GCC_WARN_UNUSED_VARIABLE = YES;
				IPHONEOS_DEPLOYMENT_TARGET = 14.4;
				MTL_ENABLE_DEBUG_INFO = INCLUDE_SOURCE;
				MTL_FAST_MATH = YES;
				ONLY_ACTIVE_ARCH = YES;
				SDKROOT = iphoneos;
				SWIFT_ACTIVE_COMPILATION_CONDITIONS = DEBUG;
				SWIFT_OPTIMIZATION_LEVEL = "-Onone";
			};
			name = Debug;
		};
		B70C0FD6260E3648009C5B0A /* Release */ = {
			isa = XCBuildConfiguration;
			buildSettings = {
				ALWAYS_SEARCH_USER_PATHS = NO;
				CLANG_ANALYZER_NONNULL = YES;
				CLANG_ANALYZER_NUMBER_OBJECT_CONVERSION = YES_AGGRESSIVE;
				CLANG_CXX_LANGUAGE_STANDARD = "gnu++14";
				CLANG_CXX_LIBRARY = "libc++";
				CLANG_ENABLE_MODULES = YES;
				CLANG_ENABLE_OBJC_ARC = YES;
				CLANG_ENABLE_OBJC_WEAK = YES;
				CLANG_WARN_BLOCK_CAPTURE_AUTORELEASING = YES;
				CLANG_WARN_BOOL_CONVERSION = YES;
				CLANG_WARN_COMMA = YES;
				CLANG_WARN_CONSTANT_CONVERSION = YES;
				CLANG_WARN_DEPRECATED_OBJC_IMPLEMENTATIONS = YES;
				CLANG_WARN_DIRECT_OBJC_ISA_USAGE = YES_ERROR;
				CLANG_WARN_DOCUMENTATION_COMMENTS = YES;
				CLANG_WARN_EMPTY_BODY = YES;
				CLANG_WARN_ENUM_CONVERSION = YES;
				CLANG_WARN_INFINITE_RECURSION = YES;
				CLANG_WARN_INT_CONVERSION = YES;
				CLANG_WARN_NON_LITERAL_NULL_CONVERSION = YES;
				CLANG_WARN_OBJC_IMPLICIT_RETAIN_SELF = YES;
				CLANG_WARN_OBJC_LITERAL_CONVERSION = YES;
				CLANG_WARN_OBJC_ROOT_CLASS = YES_ERROR;
				CLANG_WARN_QUOTED_INCLUDE_IN_FRAMEWORK_HEADER = YES;
				CLANG_WARN_RANGE_LOOP_ANALYSIS = YES;
				CLANG_WARN_STRICT_PROTOTYPES = YES;
				CLANG_WARN_SUSPICIOUS_MOVE = YES;
				CLANG_WARN_UNGUARDED_AVAILABILITY = YES_AGGRESSIVE;
				CLANG_WARN_UNREACHABLE_CODE = YES;
				CLANG_WARN__DUPLICATE_METHOD_MATCH = YES;
				COPY_PHASE_STRIP = NO;
				DEBUG_INFORMATION_FORMAT = "dwarf-with-dsym";
				ENABLE_NS_ASSERTIONS = NO;
				ENABLE_STRICT_OBJC_MSGSEND = YES;
				GCC_C_LANGUAGE_STANDARD = gnu11;
				GCC_NO_COMMON_BLOCKS = YES;
				GCC_WARN_64_TO_32_BIT_CONVERSION = YES;
				GCC_WARN_ABOUT_RETURN_TYPE = YES_ERROR;
				GCC_WARN_UNDECLARED_SELECTOR = YES;
				GCC_WARN_UNINITIALIZED_AUTOS = YES_AGGRESSIVE;
				GCC_WARN_UNUSED_FUNCTION = YES;
				GCC_WARN_UNUSED_VARIABLE = YES;
				IPHONEOS_DEPLOYMENT_TARGET = 14.4;
				MTL_ENABLE_DEBUG_INFO = NO;
				MTL_FAST_MATH = YES;
				SDKROOT = iphoneos;
				SWIFT_COMPILATION_MODE = wholemodule;
				SWIFT_OPTIMIZATION_LEVEL = "-O";
				VALIDATE_PRODUCT = YES;
			};
			name = Release;
		};
		B70C0FD8260E3648009C5B0A /* Debug */ = {
			isa = XCBuildConfiguration;
			buildSettings = {
				ASSETCATALOG_COMPILER_APPICON_NAME = AppIcon;
				ASSETCATALOG_COMPILER_GLOBAL_ACCENT_COLOR_NAME = AccentColor;
				CODE_SIGN_STYLE = Automatic;
				DEVELOPMENT_ASSET_PATHS = "\"iExpense/Preview Content\"";
				DEVELOPMENT_TEAM = LK65S82KHX;
				ENABLE_PREVIEWS = YES;
				INFOPLIST_FILE = iExpense/Info.plist;
				LD_RUNPATH_SEARCH_PATHS = (
					"$(inherited)",
					"@executable_path/Frameworks",
				);
				PRODUCT_BUNDLE_IDENTIFIER = "Princess-Di.iExpense";
				PRODUCT_NAME = "$(TARGET_NAME)";
				SWIFT_VERSION = 5.0;
				TARGETED_DEVICE_FAMILY = "1,2";
			};
			name = Debug;
		};
		B70C0FD9260E3648009C5B0A /* Release */ = {
			isa = XCBuildConfiguration;
			buildSettings = {
				ASSETCATALOG_COMPILER_APPICON_NAME = AppIcon;
				ASSETCATALOG_COMPILER_GLOBAL_ACCENT_COLOR_NAME = AccentColor;
				CODE_SIGN_STYLE = Automatic;
				DEVELOPMENT_ASSET_PATHS = "\"iExpense/Preview Content\"";
				DEVELOPMENT_TEAM = LK65S82KHX;
				ENABLE_PREVIEWS = YES;
				INFOPLIST_FILE = iExpense/Info.plist;
				LD_RUNPATH_SEARCH_PATHS = (
					"$(inherited)",
					"@executable_path/Frameworks",
				);
				PRODUCT_BUNDLE_IDENTIFIER = "Princess-Di.iExpense";
				PRODUCT_NAME = "$(TARGET_NAME)";
				SWIFT_VERSION = 5.0;
				TARGETED_DEVICE_FAMILY = "1,2";
			};
			name = Release;
		};
/* End XCBuildConfiguration section */

/* Begin XCConfigurationList section */
		B70C0FBE260E3646009C5B0A /* Build configuration list for PBXProject "iExpense" */ = {
			isa = XCConfigurationList;
			buildConfigurations = (
				B70C0FD5260E3648009C5B0A /* Debug */,
				B70C0FD6260E3648009C5B0A /* Release */,
			);
			defaultConfigurationIsVisible = 0;
			defaultConfigurationName = Release;
		};
		B70C0FD7260E3648009C5B0A /* Build configuration list for PBXNativeTarget "iExpense" */ = {
			isa = XCConfigurationList;
			buildConfigurations = (
				B70C0FD8260E3648009C5B0A /* Debug */,
				B70C0FD9260E3648009C5B0A /* Release */,
			);
			defaultConfigurationIsVisible = 0;
			defaultConfigurationName = Release;
		};
/* End XCConfigurationList section */
	};
	rootObject = B70C0FBB260E3646009C5B0A /* Project object */;
}
