// !$*UTF8*$!
{
	archiveVersion = 1;
	classes = {
	};
	objectVersion = 50;
	objects = {

/* Begin PBXBuildFile section */
		B7D979AA2652F9EA00FCFCA6 /* Order.swift in Sources */ = {isa = PBXBuildFile; fileRef = B7D979A92652F9EA00FCFCA6 /* Order.swift */; };
		B7D979AC2652FF0300FCFCA6 /* AddressView.swift in Sources */ = {isa = PBXBuildFile; fileRef = B7D979AB2652FF0300FCFCA6 /* AddressView.swift */; };
		B7D979AE2653027E00FCFCA6 /* CheckoutView.swift in Sources */ = {isa = PBXBuildFile; fileRef = B7D979AD2653027E00FCFCA6 /* CheckoutView.swift */; };
		B7E8E931264D8004009525DC /* AppDelegate.swift in Sources */ = {isa = PBXBuildFile; fileRef = B7E8E930264D8004009525DC /* AppDelegate.swift */; };
		B7E8E933264D8004009525DC /* SceneDelegate.swift in Sources */ = {isa = PBXBuildFile; fileRef = B7E8E932264D8004009525DC /* SceneDelegate.swift */; };
		B7E8E935264D8004009525DC /* ContentView.swift in Sources */ = {isa = PBXBuildFile; fileRef = B7E8E934264D8004009525DC /* ContentView.swift */; };
		B7E8E937264D8005009525DC /* Assets.xcassets in Resources */ = {isa = PBXBuildFile; fileRef = B7E8E936264D8005009525DC /* Assets.xcassets */; };
		B7E8E93A264D8005009525DC /* Preview Assets.xcassets in Resources */ = {isa = PBXBuildFile; fileRef = B7E8E939264D8005009525DC /* Preview Assets.xcassets */; };
		B7E8E93D264D8005009525DC /* LaunchScreen.storyboard in Resources */ = {isa = PBXBuildFile; fileRef = B7E8E93B264D8005009525DC /* LaunchScreen.storyboard */; };
/* End PBXBuildFile section */

/* Begin PBXFileReference section */
		B7D979A92652F9EA00FCFCA6 /* Order.swift */ = {isa = PBXFileReference; lastKnownFileType = sourcecode.swift; path = Order.swift; sourceTree = "<group>"; };
		B7D979AB2652FF0300FCFCA6 /* AddressView.swift */ = {isa = PBXFileReference; lastKnownFileType = sourcecode.swift; path = AddressView.swift; sourceTree = "<group>"; };
		B7D979AD2653027E00FCFCA6 /* CheckoutView.swift */ = {isa = PBXFileReference; lastKnownFileType = sourcecode.swift; path = CheckoutView.swift; sourceTree = "<group>"; };
		B7E8E92D264D8004009525DC /* Project 10. Cupcake Corner.app */ = {isa = PBXFileReference; explicitFileType = wrapper.application; includeInIndex = 0; path = "Project 10. Cupcake Corner.app"; sourceTree = BUILT_PRODUCTS_DIR; };
		B7E8E930264D8004009525DC /* AppDelegate.swift */ = {isa = PBXFileReference; lastKnownFileType = sourcecode.swift; path = AppDelegate.swift; sourceTree = "<group>"; };
		B7E8E932264D8004009525DC /* SceneDelegate.swift */ = {isa = PBXFileReference; lastKnownFileType = sourcecode.swift; path = SceneDelegate.swift; sourceTree = "<group>"; };
		B7E8E934264D8004009525DC /* ContentView.swift */ = {isa = PBXFileReference; lastKnownFileType = sourcecode.swift; path = ContentView.swift; sourceTree = "<group>"; };
		B7E8E936264D8005009525DC /* Assets.xcassets */ = {isa = PBXFileReference; lastKnownFileType = folder.assetcatalog; path = Assets.xcassets; sourceTree = "<group>"; };
		B7E8E939264D8005009525DC /* Preview Assets.xcassets */ = {isa = PBXFileReference; lastKnownFileType = folder.assetcatalog; path = "Preview Assets.xcassets"; sourceTree = "<group>"; };
		B7E8E93C264D8005009525DC /* Base */ = {isa = PBXFileReference; lastKnownFileType = file.storyboard; name = Base; path = Base.lproj/LaunchScreen.storyboard; sourceTree = "<group>"; };
		B7E8E93E264D8005009525DC /* Info.plist */ = {isa = PBXFileReference; lastKnownFileType = text.plist.xml; path = Info.plist; sourceTree = "<group>"; };
/* End PBXFileReference section */

/* Begin PBXFrameworksBuildPhase section */
		B7E8E92A264D8004009525DC /* Frameworks */ = {
			isa = PBXFrameworksBuildPhase;
			buildActionMask = 2147483647;
			files = (
			);
			runOnlyForDeploymentPostprocessing = 0;
		};
/* End PBXFrameworksBuildPhase section */

/* Begin PBXGroup section */
		B7E8E924264D8004009525DC = {
			isa = PBXGroup;
			children = (
				B7E8E92F264D8004009525DC /* Project 10. Cupcake Corner */,
				B7E8E92E264D8004009525DC /* Products */,
			);
			sourceTree = "<group>";
		};
		B7E8E92E264D8004009525DC /* Products */ = {
			isa = PBXGroup;
			children = (
				B7E8E92D264D8004009525DC /* Project 10. Cupcake Corner.app */,
			);
			name = Products;
			sourceTree = "<group>";
		};
		B7E8E92F264D8004009525DC /* Project 10. Cupcake Corner */ = {
			isa = PBXGroup;
			children = (
				B7E8E930264D8004009525DC /* AppDelegate.swift */,
				B7E8E932264D8004009525DC /* SceneDelegate.swift */,
				B7E8E934264D8004009525DC /* ContentView.swift */,
				B7D979AD2653027E00FCFCA6 /* CheckoutView.swift */,
				B7D979A92652F9EA00FCFCA6 /* Order.swift */,
				B7D979AB2652FF0300FCFCA6 /* AddressView.swift */,
				B7E8E936264D8005009525DC /* Assets.xcassets */,
				B7E8E93B264D8005009525DC /* LaunchScreen.storyboard */,
				B7E8E93E264D8005009525DC /* Info.plist */,
				B7E8E938264D8005009525DC /* Preview Content */,
			);
			path = "Project 10. Cupcake Corner";
			sourceTree = "<group>";
		};
		B7E8E938264D8005009525DC /* Preview Content */ = {
			isa = PBXGroup;
			children = (
				B7E8E939264D8005009525DC /* Preview Assets.xcassets */,
			);
			path = "Preview Content";
			sourceTree = "<group>";
		};
/* End PBXGroup section */

/* Begin PBXNativeTarget section */
		B7E8E92C264D8004009525DC /* Project 10. Cupcake Corner */ = {
			isa = PBXNativeTarget;
			buildConfigurationList = B7E8E941264D8005009525DC /* Build configuration list for PBXNativeTarget "Project 10. Cupcake Corner" */;
			buildPhases = (
				B7E8E929264D8004009525DC /* Sources */,
				B7E8E92A264D8004009525DC /* Frameworks */,
				B7E8E92B264D8004009525DC /* Resources */,
			);
			buildRules = (
			);
			dependencies = (
			);
			name = "Project 10. Cupcake Corner";
			productName = "Project 10. Cupcake Corner";
			productReference = B7E8E92D264D8004009525DC /* Project 10. Cupcake Corner.app */;
			productType = "com.apple.product-type.application";
		};
/* End PBXNativeTarget section */

/* Begin PBXProject section */
		B7E8E925264D8004009525DC /* Project object */ = {
			isa = PBXProject;
			attributes = {
				LastSwiftUpdateCheck = 1250;
				LastUpgradeCheck = 1250;
				TargetAttributes = {
					B7E8E92C264D8004009525DC = {
						CreatedOnToolsVersion = 12.5;
					};
				};
			};
			buildConfigurationList = B7E8E928264D8004009525DC /* Build configuration list for PBXProject "Project 10. Cupcake Corner" */;
			compatibilityVersion = "Xcode 9.3";
			developmentRegion = en;
			hasScannedForEncodings = 0;
			knownRegions = (
				en,
				Base,
			);
			mainGroup = B7E8E924264D8004009525DC;
			productRefGroup = B7E8E92E264D8004009525DC /* Products */;
			projectDirPath = "";
			projectRoot = "";
			targets = (
				B7E8E92C264D8004009525DC /* Project 10. Cupcake Corner */,
			);
		};
/* End PBXProject section */

/* Begin PBXResourcesBuildPhase section */
		B7E8E92B264D8004009525DC /* Resources */ = {
			isa = PBXResourcesBuildPhase;
			buildActionMask = 2147483647;
			files = (
				B7E8E93D264D8005009525DC /* LaunchScreen.storyboard in Resources */,
				B7E8E93A264D8005009525DC /* Preview Assets.xcassets in Resources */,
				B7E8E937264D8005009525DC /* Assets.xcassets in Resources */,
			);
			runOnlyForDeploymentPostprocessing = 0;
		};
/* End PBXResourcesBuildPhase section */

/* Begin PBXSourcesBuildPhase section */
		B7E8E929264D8004009525DC /* Sources */ = {
			isa = PBXSourcesBuildPhase;
			buildActionMask = 2147483647;
			files = (
				B7E8E931264D8004009525DC /* AppDelegate.swift in Sources */,
				B7E8E933264D8004009525DC /* SceneDelegate.swift in Sources */,
				B7D979AE2653027E00FCFCA6 /* CheckoutView.swift in Sources */,
				B7D979AA2652F9EA00FCFCA6 /* Order.swift in Sources */,
				B7E8E935264D8004009525DC /* ContentView.swift in Sources */,
				B7D979AC2652FF0300FCFCA6 /* AddressView.swift in Sources */,
			);
			runOnlyForDeploymentPostprocessing = 0;
		};
/* End PBXSourcesBuildPhase section */

/* Begin PBXVariantGroup section */
		B7E8E93B264D8005009525DC /* LaunchScreen.storyboard */ = {
			isa = PBXVariantGroup;
			children = (
				B7E8E93C264D8005009525DC /* Base */,
			);
			name = LaunchScreen.storyboard;
			sourceTree = "<group>";
		};
/* End PBXVariantGroup section */

/* Begin XCBuildConfiguration section */
		B7E8E93F264D8005009525DC /* Debug */ = {
			isa = XCBuildConfiguration;
			buildSettings = {
				ALWAYS_SEARCH_USER_PATHS = NO;
				CLANG_ANALYZER_NONNULL = YES;
				CLANG_ANALYZER_NUMBER_OBJECT_CONVERSION = YES_AGGRESSIVE;
				CLANG_CXX_LANGUAGE_STANDARD = "gnu++14";
				CLANG_CXX_LIBRARY = "libc++";
				CLANG_ENABLE_MODULES = YES;
				CLANG_ENABLE_OBJC_ARC = YES;
				CLANG_ENABLE_OBJC_WEAK = YES;
				CLANG_WARN_BLOCK_CAPTURE_AUTORELEASING = YES;
				CLANG_WARN_BOOL_CONVERSION = YES;
				CLANG_WARN_COMMA = YES;
				CLANG_WARN_CONSTANT_CONVERSION = YES;
				CLANG_WARN_DEPRECATED_OBJC_IMPLEMENTATIONS = YES;
				CLANG_WARN_DIRECT_OBJC_ISA_USAGE = YES_ERROR;
				CLANG_WARN_DOCUMENTATION_COMMENTS = YES;
				CLANG_WARN_EMPTY_BODY = YES;
				CLANG_WARN_ENUM_CONVERSION = YES;
				CLANG_WARN_INFINITE_RECURSION = YES;
				CLANG_WARN_INT_CONVERSION = YES;
				CLANG_WARN_NON_LITERAL_NULL_CONVERSION = YES;
				CLANG_WARN_OBJC_IMPLICIT_RETAIN_SELF = YES;
				CLANG_WARN_OBJC_LITERAL_CONVERSION = YES;
				CLANG_WARN_OBJC_ROOT_CLASS = YES_ERROR;
				CLANG_WARN_QUOTED_INCLUDE_IN_FRAMEWORK_HEADER = YES;
				CLANG_WARN_RANGE_LOOP_ANALYSIS = YES;
				CLANG_WARN_STRICT_PROTOTYPES = YES;
				CLANG_WARN_SUSPICIOUS_MOVE = YES;
				CLANG_WARN_UNGUARDED_AVAILABILITY = YES_AGGRESSIVE;
				CLANG_WARN_UNREACHABLE_CODE = YES;
				CLANG_WARN__DUPLICATE_METHOD_MATCH = YES;
				COPY_PHASE_STRIP = NO;
				DEBUG_INFORMATION_FORMAT = dwarf;
				ENABLE_STRICT_OBJC_MSGSEND = YES;
				ENABLE_TESTABILITY = YES;
				GCC_C_LANGUAGE_STANDARD = gnu11;
				GCC_DYNAMIC_NO_PIC = NO;
				GCC_NO_COMMON_BLOCKS = YES;
				GCC_OPTIMIZATION_LEVEL = 0;
				GCC_PREPROCESSOR_DEFINITIONS = (
					"DEBUG=1",
					"$(inherited)",
				);
				GCC_WARN_64_TO_32_BIT_CONVERSION = YES;
				GCC_WARN_ABOUT_RETURN_TYPE = YES_ERROR;
				GCC_WARN_UNDECLARED_SELECTOR = YES;
				GCC_WARN_UNINITIALIZED_AUTOS = YES_AGGRESSIVE;
				GCC_WARN_UNUSED_FUNCTION = YES;
				GCC_WARN_UNUSED_VARIABLE = YES;
				IPHONEOS_DEPLOYMENT_TARGET = 14.5;
				MTL_ENABLE_DEBUG_INFO = INCLUDE_SOURCE;
				MTL_FAST_MATH = YES;
				ONLY_ACTIVE_ARCH = YES;
				SDKROOT = iphoneos;
				SWIFT_ACTIVE_COMPILATION_CONDITIONS = DEBUG;
				SWIFT_OPTIMIZATION_LEVEL = "-Onone";
			};
			name = Debug;
		};
		B7E8E940264D8005009525DC /* Release */ = {
			isa = XCBuildConfiguration;
			buildSettings = {
				ALWAYS_SEARCH_USER_PATHS = NO;
				CLANG_ANALYZER_NONNULL = YES;
				CLANG_ANALYZER_NUMBER_OBJECT_CONVERSION = YES_AGGRESSIVE;
				CLANG_CXX_LANGUAGE_STANDARD = "gnu++14";
				CLANG_CXX_LIBRARY = "libc++";
				CLANG_ENABLE_MODULES = YES;
				CLANG_ENABLE_OBJC_ARC = YES;
				CLANG_ENABLE_OBJC_WEAK = YES;
				CLANG_WARN_BLOCK_CAPTURE_AUTORELEASING = YES;
				CLANG_WARN_BOOL_CONVERSION = YES;
				CLANG_WARN_COMMA = YES;
				CLANG_WARN_CONSTANT_CONVERSION = YES;
				CLANG_WARN_DEPRECATED_OBJC_IMPLEMENTATIONS = YES;
				CLANG_WARN_DIRECT_OBJC_ISA_USAGE = YES_ERROR;
				CLANG_WARN_DOCUMENTATION_COMMENTS = YES;
				CLANG_WARN_EMPTY_BODY = YES;
				CLANG_WARN_ENUM_CONVERSION = YES;
				CLANG_WARN_INFINITE_RECURSION = YES;
				CLANG_WARN_INT_CONVERSION = YES;
				CLANG_WARN_NON_LITERAL_NULL_CONVERSION = YES;
				CLANG_WARN_OBJC_IMPLICIT_RETAIN_SELF = YES;
				CLANG_WARN_OBJC_LITERAL_CONVERSION = YES;
				CLANG_WARN_OBJC_ROOT_CLASS = YES_ERROR;
				CLANG_WARN_QUOTED_INCLUDE_IN_FRAMEWORK_HEADER = YES;
				CLANG_WARN_RANGE_LOOP_ANALYSIS = YES;
				CLANG_WARN_STRICT_PROTOTYPES = YES;
				CLANG_WARN_SUSPICIOUS_MOVE = YES;
				CLANG_WARN_UNGUARDED_AVAILABILITY = YES_AGGRESSIVE;
				CLANG_WARN_UNREACHABLE_CODE = YES;
				CLANG_WARN__DUPLICATE_METHOD_MATCH = YES;
				COPY_PHASE_STRIP = NO;
				DEBUG_INFORMATION_FORMAT = "dwarf-with-dsym";
				ENABLE_NS_ASSERTIONS = NO;
				ENABLE_STRICT_OBJC_MSGSEND = YES;
				GCC_C_LANGUAGE_STANDARD = gnu11;
				GCC_NO_COMMON_BLOCKS = YES;
				GCC_WARN_64_TO_32_BIT_CONVERSION = YES;
				GCC_WARN_ABOUT_RETURN_TYPE = YES_ERROR;
				GCC_WARN_UNDECLARED_SELECTOR = YES;
				GCC_WARN_UNINITIALIZED_AUTOS = YES_AGGRESSIVE;
				GCC_WARN_UNUSED_FUNCTION = YES;
				GCC_WARN_UNUSED_VARIABLE = YES;
				IPHONEOS_DEPLOYMENT_TARGET = 14.5;
				MTL_ENABLE_DEBUG_INFO = NO;
				MTL_FAST_MATH = YES;
				SDKROOT = iphoneos;
				SWIFT_COMPILATION_MODE = wholemodule;
				SWIFT_OPTIMIZATION_LEVEL = "-O";
				VALIDATE_PRODUCT = YES;
			};
			name = Release;
		};
		B7E8E942264D8005009525DC /* Debug */ = {
			isa = XCBuildConfiguration;
			buildSettings = {
				ASSETCATALOG_COMPILER_APPICON_NAME = AppIcon;
				ASSETCATALOG_COMPILER_GLOBAL_ACCENT_COLOR_NAME = AccentColor;
				CODE_SIGN_STYLE = Automatic;
				DEVELOPMENT_ASSET_PATHS = "\"Project 10. Cupcake Corner/Preview Content\"";
				DEVELOPMENT_TEAM = LK65S82KHX;
				ENABLE_PREVIEWS = YES;
				INFOPLIST_FILE = "Project 10. Cupcake Corner/Info.plist";
				LD_RUNPATH_SEARCH_PATHS = (
					"$(inherited)",
					"@executable_path/Frameworks",
				);
				PRODUCT_BUNDLE_IDENTIFIER = "Princess-Di.Project-10--Cupcake-Corner";
				PRODUCT_NAME = "$(TARGET_NAME)";
				SWIFT_VERSION = 5.0;
				TARGETED_DEVICE_FAMILY = "1,2";
			};
			name = Debug;
		};
		B7E8E943264D8005009525DC /* Release */ = {
			isa = XCBuildConfiguration;
			buildSettings = {
				ASSETCATALOG_COMPILER_APPICON_NAME = AppIcon;
				ASSETCATALOG_COMPILER_GLOBAL_ACCENT_COLOR_NAME = AccentColor;
				CODE_SIGN_STYLE = Automatic;
				DEVELOPMENT_ASSET_PATHS = "\"Project 10. Cupcake Corner/Preview Content\"";
				DEVELOPMENT_TEAM = LK65S82KHX;
				ENABLE_PREVIEWS = YES;
				INFOPLIST_FILE = "Project 10. Cupcake Corner/Info.plist";
				LD_RUNPATH_SEARCH_PATHS = (
					"$(inherited)",
					"@executable_path/Frameworks",
				);
				PRODUCT_BUNDLE_IDENTIFIER = "Princess-Di.Project-10--Cupcake-Corner";
				PRODUCT_NAME = "$(TARGET_NAME)";
				SWIFT_VERSION = 5.0;
				TARGETED_DEVICE_FAMILY = "1,2";
			};
			name = Release;
		};
/* End XCBuildConfiguration section */

/* Begin XCConfigurationList section */
		B7E8E928264D8004009525DC /* Build configuration list for PBXProject "Project 10. Cupcake Corner" */ = {
			isa = XCConfigurationList;
			buildConfigurations = (
				B7E8E93F264D8005009525DC /* Debug */,
				B7E8E940264D8005009525DC /* Release */,
			);
			defaultConfigurationIsVisible = 0;
			defaultConfigurationName = Release;
		};
		B7E8E941264D8005009525DC /* Build configuration list for PBXNativeTarget "Project 10. Cupcake Corner" */ = {
			isa = XCConfigurationList;
			buildConfigurations = (
				B7E8E942264D8005009525DC /* Debug */,
				B7E8E943264D8005009525DC /* Release */,
			);
			defaultConfigurationIsVisible = 0;
			defaultConfigurationName = Release;
		};
/* End XCConfigurationList section */
	};
	rootObject = B7E8E925264D8004009525DC /* Project object */;
}
