// !$*UTF8*$!
{
	archiveVersion = 1;
	classes = {
	};
	objectVersion = 50;
	objects = {

/* Begin PBXBuildFile section */
		B7DE263C26C680CD006F1520 /* AppDelegate.swift in Sources */ = {isa = PBXBuildFile; fileRef = B7DE263B26C680CD006F1520 /* AppDelegate.swift */; };
		B7DE263E26C680CD006F1520 /* SceneDelegate.swift in Sources */ = {isa = PBXBuildFile; fileRef = B7DE263D26C680CD006F1520 /* SceneDelegate.swift */; };
		B7DE264026C680CD006F1520 /* CustomAlignmentGuide.swift in Sources */ = {isa = PBXBuildFile; fileRef = B7DE263F26C680CD006F1520 /* CustomAlignmentGuide.swift */; };
		B7DE264226C680CE006F1520 /* Assets.xcassets in Resources */ = {isa = PBXBuildFile; fileRef = B7DE264126C680CE006F1520 /* Assets.xcassets */; };
		B7DE264526C680CE006F1520 /* Preview Assets.xcassets in Resources */ = {isa = PBXBuildFile; fileRef = B7DE264426C680CE006F1520 /* Preview Assets.xcassets */; };
		B7DE264826C680CE006F1520 /* LaunchScreen.storyboard in Resources */ = {isa = PBXBuildFile; fileRef = B7DE264626C680CE006F1520 /* LaunchScreen.storyboard */; };
		B7DE265026C6957A006F1520 /* Absolute positioning for SwiftUI views.swift in Sources */ = {isa = PBXBuildFile; fileRef = B7DE264F26C6957A006F1520 /* Absolute positioning for SwiftUI views.swift */; };
		B7DE265226C69937006F1520 /* Understanding frames and coordinates inside GeometryReader.swift in Sources */ = {isa = PBXBuildFile; fileRef = B7DE265126C69937006F1520 /* Understanding frames and coordinates inside GeometryReader.swift */; };
		B7DE265426C69BAD006F1520 /* ScrollView effects using GeometryReader.swift in Sources */ = {isa = PBXBuildFile; fileRef = B7DE265326C69BAD006F1520 /* ScrollView effects using GeometryReader.swift */; };
		B7DE265626C69C01006F1520 /* ScrollView effects using GeometryReader2.swift in Sources */ = {isa = PBXBuildFile; fileRef = B7DE265526C69C01006F1520 /* ScrollView effects using GeometryReader2.swift */; };
/* End PBXBuildFile section */

/* Begin PBXFileReference section */
		B7DE263826C680CD006F1520 /* Project 18. Layout and geometry.app */ = {isa = PBXFileReference; explicitFileType = wrapper.application; includeInIndex = 0; path = "Project 18. Layout and geometry.app"; sourceTree = BUILT_PRODUCTS_DIR; };
		B7DE263B26C680CD006F1520 /* AppDelegate.swift */ = {isa = PBXFileReference; lastKnownFileType = sourcecode.swift; path = AppDelegate.swift; sourceTree = "<group>"; };
		B7DE263D26C680CD006F1520 /* SceneDelegate.swift */ = {isa = PBXFileReference; lastKnownFileType = sourcecode.swift; path = SceneDelegate.swift; sourceTree = "<group>"; };
		B7DE263F26C680CD006F1520 /* CustomAlignmentGuide.swift */ = {isa = PBXFileReference; lastKnownFileType = sourcecode.swift; path = CustomAlignmentGuide.swift; sourceTree = "<group>"; };
		B7DE264126C680CE006F1520 /* Assets.xcassets */ = {isa = PBXFileReference; lastKnownFileType = folder.assetcatalog; path = Assets.xcassets; sourceTree = "<group>"; };
		B7DE264426C680CE006F1520 /* Preview Assets.xcassets */ = {isa = PBXFileReference; lastKnownFileType = folder.assetcatalog; path = "Preview Assets.xcassets"; sourceTree = "<group>"; };
		B7DE264726C680CE006F1520 /* Base */ = {isa = PBXFileReference; lastKnownFileType = file.storyboard; name = Base; path = Base.lproj/LaunchScreen.storyboard; sourceTree = "<group>"; };
		B7DE264926C680CE006F1520 /* Info.plist */ = {isa = PBXFileReference; lastKnownFileType = text.plist.xml; path = Info.plist; sourceTree = "<group>"; };
		B7DE264F26C6957A006F1520 /* Absolute positioning for SwiftUI views.swift */ = {isa = PBXFileReference; lastKnownFileType = sourcecode.swift; path = "Absolute positioning for SwiftUI views.swift"; sourceTree = "<group>"; };
		B7DE265126C69937006F1520 /* Understanding frames and coordinates inside GeometryReader.swift */ = {isa = PBXFileReference; lastKnownFileType = sourcecode.swift; path = "Understanding frames and coordinates inside GeometryReader.swift"; sourceTree = "<group>"; };
		B7DE265326C69BAD006F1520 /* ScrollView effects using GeometryReader.swift */ = {isa = PBXFileReference; lastKnownFileType = sourcecode.swift; path = "ScrollView effects using GeometryReader.swift"; sourceTree = "<group>"; };
		B7DE265526C69C01006F1520 /* ScrollView effects using GeometryReader2.swift */ = {isa = PBXFileReference; lastKnownFileType = sourcecode.swift; path = "ScrollView effects using GeometryReader2.swift"; sourceTree = "<group>"; };
/* End PBXFileReference section */

/* Begin PBXFrameworksBuildPhase section */
		B7DE263526C680CD006F1520 /* Frameworks */ = {
			isa = PBXFrameworksBuildPhase;
			buildActionMask = 2147483647;
			files = (
			);
			runOnlyForDeploymentPostprocessing = 0;
		};
/* End PBXFrameworksBuildPhase section */

/* Begin PBXGroup section */
		B7DE262F26C680CD006F1520 = {
			isa = PBXGroup;
			children = (
				B7DE263A26C680CD006F1520 /* Project 18. Layout and geometry */,
				B7DE263926C680CD006F1520 /* Products */,
			);
			sourceTree = "<group>";
		};
		B7DE263926C680CD006F1520 /* Products */ = {
			isa = PBXGroup;
			children = (
				B7DE263826C680CD006F1520 /* Project 18. Layout and geometry.app */,
			);
			name = Products;
			sourceTree = "<group>";
		};
		B7DE263A26C680CD006F1520 /* Project 18. Layout and geometry */ = {
			isa = PBXGroup;
			children = (
				B7DE263B26C680CD006F1520 /* AppDelegate.swift */,
				B7DE263D26C680CD006F1520 /* SceneDelegate.swift */,
				B7DE263F26C680CD006F1520 /* CustomAlignmentGuide.swift */,
				B7DE264F26C6957A006F1520 /* Absolute positioning for SwiftUI views.swift */,
				B7DE265126C69937006F1520 /* Understanding frames and coordinates inside GeometryReader.swift */,
				B7DE265326C69BAD006F1520 /* ScrollView effects using GeometryReader.swift */,
				B7DE265526C69C01006F1520 /* ScrollView effects using GeometryReader2.swift */,
				B7DE264126C680CE006F1520 /* Assets.xcassets */,
				B7DE264626C680CE006F1520 /* LaunchScreen.storyboard */,
				B7DE264926C680CE006F1520 /* Info.plist */,
				B7DE264326C680CE006F1520 /* Preview Content */,
			);
			path = "Project 18. Layout and geometry";
			sourceTree = "<group>";
		};
		B7DE264326C680CE006F1520 /* Preview Content */ = {
			isa = PBXGroup;
			children = (
				B7DE264426C680CE006F1520 /* Preview Assets.xcassets */,
			);
			path = "Preview Content";
			sourceTree = "<group>";
		};
/* End PBXGroup section */

/* Begin PBXNativeTarget section */
		B7DE263726C680CD006F1520 /* Project 18. Layout and geometry */ = {
			isa = PBXNativeTarget;
			buildConfigurationList = B7DE264C26C680CE006F1520 /* Build configuration list for PBXNativeTarget "Project 18. Layout and geometry" */;
			buildPhases = (
				B7DE263426C680CD006F1520 /* Sources */,
				B7DE263526C680CD006F1520 /* Frameworks */,
				B7DE263626C680CD006F1520 /* Resources */,
			);
			buildRules = (
			);
			dependencies = (
			);
			name = "Project 18. Layout and geometry";
			productName = "Project 18. Layout and geometry";
			productReference = B7DE263826C680CD006F1520 /* Project 18. Layout and geometry.app */;
			productType = "com.apple.product-type.application";
		};
/* End PBXNativeTarget section */

/* Begin PBXProject section */
		B7DE263026C680CD006F1520 /* Project object */ = {
			isa = PBXProject;
			attributes = {
				LastSwiftUpdateCheck = 1250;
				LastUpgradeCheck = 1250;
				TargetAttributes = {
					B7DE263726C680CD006F1520 = {
						CreatedOnToolsVersion = 12.5.1;
					};
				};
			};
			buildConfigurationList = B7DE263326C680CD006F1520 /* Build configuration list for PBXProject "Project 18. Layout and geometry" */;
			compatibilityVersion = "Xcode 9.3";
			developmentRegion = en;
			hasScannedForEncodings = 0;
			knownRegions = (
				en,
				Base,
			);
			mainGroup = B7DE262F26C680CD006F1520;
			productRefGroup = B7DE263926C680CD006F1520 /* Products */;
			projectDirPath = "";
			projectRoot = "";
			targets = (
				B7DE263726C680CD006F1520 /* Project 18. Layout and geometry */,
			);
		};
/* End PBXProject section */

/* Begin PBXResourcesBuildPhase section */
		B7DE263626C680CD006F1520 /* Resources */ = {
			isa = PBXResourcesBuildPhase;
			buildActionMask = 2147483647;
			files = (
				B7DE264826C680CE006F1520 /* LaunchScreen.storyboard in Resources */,
				B7DE264526C680CE006F1520 /* Preview Assets.xcassets in Resources */,
				B7DE264226C680CE006F1520 /* Assets.xcassets in Resources */,
			);
			runOnlyForDeploymentPostprocessing = 0;
		};
/* End PBXResourcesBuildPhase section */

/* Begin PBXSourcesBuildPhase section */
		B7DE263426C680CD006F1520 /* Sources */ = {
			isa = PBXSourcesBuildPhase;
			buildActionMask = 2147483647;
			files = (
				B7DE265226C69937006F1520 /* Understanding frames and coordinates inside GeometryReader.swift in Sources */,
				B7DE263C26C680CD006F1520 /* AppDelegate.swift in Sources */,
				B7DE265026C6957A006F1520 /* Absolute positioning for SwiftUI views.swift in Sources */,
				B7DE263E26C680CD006F1520 /* SceneDelegate.swift in Sources */,
				B7DE264026C680CD006F1520 /* CustomAlignmentGuide.swift in Sources */,
				B7DE265426C69BAD006F1520 /* ScrollView effects using GeometryReader.swift in Sources */,
				B7DE265626C69C01006F1520 /* ScrollView effects using GeometryReader2.swift in Sources */,
			);
			runOnlyForDeploymentPostprocessing = 0;
		};
/* End PBXSourcesBuildPhase section */

/* Begin PBXVariantGroup section */
		B7DE264626C680CE006F1520 /* LaunchScreen.storyboard */ = {
			isa = PBXVariantGroup;
			children = (
				B7DE264726C680CE006F1520 /* Base */,
			);
			name = LaunchScreen.storyboard;
			sourceTree = "<group>";
		};
/* End PBXVariantGroup section */

/* Begin XCBuildConfiguration section */
		B7DE264A26C680CE006F1520 /* Debug */ = {
			isa = XCBuildConfiguration;
			buildSettings = {
				ALWAYS_SEARCH_USER_PATHS = NO;
				CLANG_ANALYZER_NONNULL = YES;
				CLANG_ANALYZER_NUMBER_OBJECT_CONVERSION = YES_AGGRESSIVE;
				CLANG_CXX_LANGUAGE_STANDARD = "gnu++14";
				CLANG_CXX_LIBRARY = "libc++";
				CLANG_ENABLE_MODULES = YES;
				CLANG_ENABLE_OBJC_ARC = YES;
				CLANG_ENABLE_OBJC_WEAK = YES;
				CLANG_WARN_BLOCK_CAPTURE_AUTORELEASING = YES;
				CLANG_WARN_BOOL_CONVERSION = YES;
				CLANG_WARN_COMMA = YES;
				CLANG_WARN_CONSTANT_CONVERSION = YES;
				CLANG_WARN_DEPRECATED_OBJC_IMPLEMENTATIONS = YES;
				CLANG_WARN_DIRECT_OBJC_ISA_USAGE = YES_ERROR;
				CLANG_WARN_DOCUMENTATION_COMMENTS = YES;
				CLANG_WARN_EMPTY_BODY = YES;
				CLANG_WARN_ENUM_CONVERSION = YES;
				CLANG_WARN_INFINITE_RECURSION = YES;
				CLANG_WARN_INT_CONVERSION = YES;
				CLANG_WARN_NON_LITERAL_NULL_CONVERSION = YES;
				CLANG_WARN_OBJC_IMPLICIT_RETAIN_SELF = YES;
				CLANG_WARN_OBJC_LITERAL_CONVERSION = YES;
				CLANG_WARN_OBJC_ROOT_CLASS = YES_ERROR;
				CLANG_WARN_QUOTED_INCLUDE_IN_FRAMEWORK_HEADER = YES;
				CLANG_WARN_RANGE_LOOP_ANALYSIS = YES;
				CLANG_WARN_STRICT_PROTOTYPES = YES;
				CLANG_WARN_SUSPICIOUS_MOVE = YES;
				CLANG_WARN_UNGUARDED_AVAILABILITY = YES_AGGRESSIVE;
				CLANG_WARN_UNREACHABLE_CODE = YES;
				CLANG_WARN__DUPLICATE_METHOD_MATCH = YES;
				COPY_PHASE_STRIP = NO;
				DEBUG_INFORMATION_FORMAT = dwarf;
				ENABLE_STRICT_OBJC_MSGSEND = YES;
				ENABLE_TESTABILITY = YES;
				GCC_C_LANGUAGE_STANDARD = gnu11;
				GCC_DYNAMIC_NO_PIC = NO;
				GCC_NO_COMMON_BLOCKS = YES;
				GCC_OPTIMIZATION_LEVEL = 0;
				GCC_PREPROCESSOR_DEFINITIONS = (
					"DEBUG=1",
					"$(inherited)",
				);
				GCC_WARN_64_TO_32_BIT_CONVERSION = YES;
				GCC_WARN_ABOUT_RETURN_TYPE = YES_ERROR;
				GCC_WARN_UNDECLARED_SELECTOR = YES;
				GCC_WARN_UNINITIALIZED_AUTOS = YES_AGGRESSIVE;
				GCC_WARN_UNUSED_FUNCTION = YES;
				GCC_WARN_UNUSED_VARIABLE = YES;
				IPHONEOS_DEPLOYMENT_TARGET = 14.5;
				MTL_ENABLE_DEBUG_INFO = INCLUDE_SOURCE;
				MTL_FAST_MATH = YES;
				ONLY_ACTIVE_ARCH = YES;
				SDKROOT = iphoneos;
				SWIFT_ACTIVE_COMPILATION_CONDITIONS = DEBUG;
				SWIFT_OPTIMIZATION_LEVEL = "-Onone";
			};
			name = Debug;
		};
		B7DE264B26C680CE006F1520 /* Release */ = {
			isa = XCBuildConfiguration;
			buildSettings = {
				ALWAYS_SEARCH_USER_PATHS = NO;
				CLANG_ANALYZER_NONNULL = YES;
				CLANG_ANALYZER_NUMBER_OBJECT_CONVERSION = YES_AGGRESSIVE;
				CLANG_CXX_LANGUAGE_STANDARD = "gnu++14";
				CLANG_CXX_LIBRARY = "libc++";
				CLANG_ENABLE_MODULES = YES;
				CLANG_ENABLE_OBJC_ARC = YES;
				CLANG_ENABLE_OBJC_WEAK = YES;
				CLANG_WARN_BLOCK_CAPTURE_AUTORELEASING = YES;
				CLANG_WARN_BOOL_CONVERSION = YES;
				CLANG_WARN_COMMA = YES;
				CLANG_WARN_CONSTANT_CONVERSION = YES;
				CLANG_WARN_DEPRECATED_OBJC_IMPLEMENTATIONS = YES;
				CLANG_WARN_DIRECT_OBJC_ISA_USAGE = YES_ERROR;
				CLANG_WARN_DOCUMENTATION_COMMENTS = YES;
				CLANG_WARN_EMPTY_BODY = YES;
				CLANG_WARN_ENUM_CONVERSION = YES;
				CLANG_WARN_INFINITE_RECURSION = YES;
				CLANG_WARN_INT_CONVERSION = YES;
				CLANG_WARN_NON_LITERAL_NULL_CONVERSION = YES;
				CLANG_WARN_OBJC_IMPLICIT_RETAIN_SELF = YES;
				CLANG_WARN_OBJC_LITERAL_CONVERSION = YES;
				CLANG_WARN_OBJC_ROOT_CLASS = YES_ERROR;
				CLANG_WARN_QUOTED_INCLUDE_IN_FRAMEWORK_HEADER = YES;
				CLANG_WARN_RANGE_LOOP_ANALYSIS = YES;
				CLANG_WARN_STRICT_PROTOTYPES = YES;
				CLANG_WARN_SUSPICIOUS_MOVE = YES;
				CLANG_WARN_UNGUARDED_AVAILABILITY = YES_AGGRESSIVE;
				CLANG_WARN_UNREACHABLE_CODE = YES;
				CLANG_WARN__DUPLICATE_METHOD_MATCH = YES;
				COPY_PHASE_STRIP = NO;
				DEBUG_INFORMATION_FORMAT = "dwarf-with-dsym";
				ENABLE_NS_ASSERTIONS = NO;
				ENABLE_STRICT_OBJC_MSGSEND = YES;
				GCC_C_LANGUAGE_STANDARD = gnu11;
				GCC_NO_COMMON_BLOCKS = YES;
				GCC_WARN_64_TO_32_BIT_CONVERSION = YES;
				GCC_WARN_ABOUT_RETURN_TYPE = YES_ERROR;
				GCC_WARN_UNDECLARED_SELECTOR = YES;
				GCC_WARN_UNINITIALIZED_AUTOS = YES_AGGRESSIVE;
				GCC_WARN_UNUSED_FUNCTION = YES;
				GCC_WARN_UNUSED_VARIABLE = YES;
				IPHONEOS_DEPLOYMENT_TARGET = 14.5;
				MTL_ENABLE_DEBUG_INFO = NO;
				MTL_FAST_MATH = YES;
				SDKROOT = iphoneos;
				SWIFT_COMPILATION_MODE = wholemodule;
				SWIFT_OPTIMIZATION_LEVEL = "-O";
				VALIDATE_PRODUCT = YES;
			};
			name = Release;
		};
		B7DE264D26C680CE006F1520 /* Debug */ = {
			isa = XCBuildConfiguration;
			buildSettings = {
				ASSETCATALOG_COMPILER_APPICON_NAME = AppIcon;
				ASSETCATALOG_COMPILER_GLOBAL_ACCENT_COLOR_NAME = AccentColor;
				CODE_SIGN_STYLE = Automatic;
				DEVELOPMENT_ASSET_PATHS = "\"Project 18. Layout and geometry/Preview Content\"";
				DEVELOPMENT_TEAM = LK65S82KHX;
				ENABLE_PREVIEWS = YES;
				INFOPLIST_FILE = "Project 18. Layout and geometry/Info.plist";
				LD_RUNPATH_SEARCH_PATHS = (
					"$(inherited)",
					"@executable_path/Frameworks",
				);
				PRODUCT_BUNDLE_IDENTIFIER = "Princess-Di.Project-18--Layout-and-geometry";
				PRODUCT_NAME = "$(TARGET_NAME)";
				SWIFT_VERSION = 5.0;
				TARGETED_DEVICE_FAMILY = "1,2";
			};
			name = Debug;
		};
		B7DE264E26C680CE006F1520 /* Release */ = {
			isa = XCBuildConfiguration;
			buildSettings = {
				ASSETCATALOG_COMPILER_APPICON_NAME = AppIcon;
				ASSETCATALOG_COMPILER_GLOBAL_ACCENT_COLOR_NAME = AccentColor;
				CODE_SIGN_STYLE = Automatic;
				DEVELOPMENT_ASSET_PATHS = "\"Project 18. Layout and geometry/Preview Content\"";
				DEVELOPMENT_TEAM = LK65S82KHX;
				ENABLE_PREVIEWS = YES;
				INFOPLIST_FILE = "Project 18. Layout and geometry/Info.plist";
				LD_RUNPATH_SEARCH_PATHS = (
					"$(inherited)",
					"@executable_path/Frameworks",
				);
				PRODUCT_BUNDLE_IDENTIFIER = "Princess-Di.Project-18--Layout-and-geometry";
				PRODUCT_NAME = "$(TARGET_NAME)";
				SWIFT_VERSION = 5.0;
				TARGETED_DEVICE_FAMILY = "1,2";
			};
			name = Release;
		};
/* End XCBuildConfiguration section */

/* Begin XCConfigurationList section */
		B7DE263326C680CD006F1520 /* Build configuration list for PBXProject "Project 18. Layout and geometry" */ = {
			isa = XCConfigurationList;
			buildConfigurations = (
				B7DE264A26C680CE006F1520 /* Debug */,
				B7DE264B26C680CE006F1520 /* Release */,
			);
			defaultConfigurationIsVisible = 0;
			defaultConfigurationName = Release;
		};
		B7DE264C26C680CE006F1520 /* Build configuration list for PBXNativeTarget "Project 18. Layout and geometry" */ = {
			isa = XCConfigurationList;
			buildConfigurations = (
				B7DE264D26C680CE006F1520 /* Debug */,
				B7DE264E26C680CE006F1520 /* Release */,
			);
			defaultConfigurationIsVisible = 0;
			defaultConfigurationName = Release;
		};
/* End XCConfigurationList section */
	};
	rootObject = B7DE263026C680CD006F1520 /* Project object */;
}
